// !$*UTF8*$!
{
	archiveVersion = 1;
	classes = {
	};
	objectVersion = 55;
	objects = {

/* Begin PBXBuildFile section */
		24A716CF28538BCB004316F3 /* NetworkService.swift in Sources */ = {isa = PBXBuildFile; fileRef = 24A716CE28538BCB004316F3 /* NetworkService.swift */; };
		24A716D128539E27004316F3 /* Route.swift in Sources */ = {isa = PBXBuildFile; fileRef = 24A716D028539E27004316F3 /* Route.swift */; };
		24A716D328539F29004316F3 /* Method.swift in Sources */ = {isa = PBXBuildFile; fileRef = 24A716D228539F29004316F3 /* Method.swift */; };
		24A716D52853AA55004316F3 /* AppError.swift in Sources */ = {isa = PBXBuildFile; fileRef = 24A716D42853AA55004316F3 /* AppError.swift */; };
		24A716D72853B68C004316F3 /* ApiResponse.swift in Sources */ = {isa = PBXBuildFile; fileRef = 24A716D62853B68C004316F3 /* ApiResponse.swift */; };
		24A716D92853C246004316F3 /* AllDishes.swift in Sources */ = {isa = PBXBuildFile; fileRef = 24A716D82853C246004316F3 /* AllDishes.swift */; };
		24A716DC2853CC36004316F3 /* ProgressHUD in Frameworks */ = {isa = PBXBuildFile; productRef = 24A716DB2853CC36004316F3 /* ProgressHUD */; };
		24A716DE2854694D004316F3 /* UserDefaults+Ext.swift in Sources */ = {isa = PBXBuildFile; fileRef = 24A716DD2854694C004316F3 /* UserDefaults+Ext.swift */; };
		24D59FED27C943470012B338 /* AppDelegate.swift in Sources */ = {isa = PBXBuildFile; fileRef = 24D59FEC27C943470012B338 /* AppDelegate.swift */; };
		24D59FEF27C943470012B338 /* SceneDelegate.swift in Sources */ = {isa = PBXBuildFile; fileRef = 24D59FEE27C943470012B338 /* SceneDelegate.swift */; };
		24D59FF127C943470012B338 /* ViewController.swift in Sources */ = {isa = PBXBuildFile; fileRef = 24D59FF027C943470012B338 /* ViewController.swift */; };
		24D59FF427C943470012B338 /* Main.storyboard in Resources */ = {isa = PBXBuildFile; fileRef = 24D59FF227C943470012B338 /* Main.storyboard */; };
		24D59FF627C943490012B338 /* Assets.xcassets in Resources */ = {isa = PBXBuildFile; fileRef = 24D59FF527C943490012B338 /* Assets.xcassets */; };
		24D59FF927C943490012B338 /* LaunchScreen.storyboard in Resources */ = {isa = PBXBuildFile; fileRef = 24D59FF727C943490012B338 /* LaunchScreen.storyboard */; };
		24D5A00627CA08410012B338 /* OnboardingVC.swift in Sources */ = {isa = PBXBuildFile; fileRef = 24D5A00527CA08410012B338 /* OnboardingVC.swift */; };
		24D5A00827CA089E0012B338 /* OnboardingVC.storyboard in Resources */ = {isa = PBXBuildFile; fileRef = 24D5A00727CA089E0012B338 /* OnboardingVC.storyboard */; };
		24D5A00B27CA0B6E0012B338 /* UIView+Ext.swift in Sources */ = {isa = PBXBuildFile; fileRef = 24D5A00A27CA0B6E0012B338 /* UIView+Ext.swift */; };
		24D5A00D27CA0ED90012B338 /* OnboardSlide.swift in Sources */ = {isa = PBXBuildFile; fileRef = 24D5A00C27CA0ED90012B338 /* OnboardSlide.swift */; };
		24D5A00F27CA11790012B338 /* OnboardingCell.swift in Sources */ = {isa = PBXBuildFile; fileRef = 24D5A00E27CA11790012B338 /* OnboardingCell.swift */; };
		24D5A01227CA80830012B338 /* HomeVC.storyboard in Resources */ = {isa = PBXBuildFile; fileRef = 24D5A01127CA80830012B338 /* HomeVC.storyboard */; };
		24D5A01527CA809E0012B338 /* HomeVC.swift in Sources */ = {isa = PBXBuildFile; fileRef = 24D5A01427CA809E0012B338 /* HomeVC.swift */; };
		24E785AB27CB059500FB3C2C /* CategoryCell.swift in Sources */ = {isa = PBXBuildFile; fileRef = 24E785A927CB059500FB3C2C /* CategoryCell.swift */; };
		24E785AC27CB059500FB3C2C /* CategoryCell.xib in Resources */ = {isa = PBXBuildFile; fileRef = 24E785AA27CB059500FB3C2C /* CategoryCell.xib */; };
		24E785AE27CB08AE00FB3C2C /* DishCategory.swift in Sources */ = {isa = PBXBuildFile; fileRef = 24E785AD27CB08AE00FB3C2C /* DishCategory.swift */; };
		24E785B127CB095100FB3C2C /* Kingfisher in Frameworks */ = {isa = PBXBuildFile; productRef = 24E785B027CB095100FB3C2C /* Kingfisher */; };
		24E785B327CB0A1600FB3C2C /* String+Ext.swift in Sources */ = {isa = PBXBuildFile; fileRef = 24E785B227CB0A1600FB3C2C /* String+Ext.swift */; };
		24E785B627CB0D9A00FB3C2C /* CardView.swift in Sources */ = {isa = PBXBuildFile; fileRef = 24E785B527CB0D9A00FB3C2C /* CardView.swift */; };
		24E785BA27CB1A7500FB3C2C /* DishProtriatCell.swift in Sources */ = {isa = PBXBuildFile; fileRef = 24E785B827CB1A7500FB3C2C /* DishProtriatCell.swift */; };
		24E785BB27CB1A7500FB3C2C /* DishProtriatCell.xib in Resources */ = {isa = PBXBuildFile; fileRef = 24E785B927CB1A7500FB3C2C /* DishProtriatCell.xib */; };
		24E785BD27CB1C8400FB3C2C /* Dish.swift in Sources */ = {isa = PBXBuildFile; fileRef = 24E785BC27CB1C8400FB3C2C /* Dish.swift */; };
		24E785C427CB54C400FB3C2C /* DishLandscapeCell.swift in Sources */ = {isa = PBXBuildFile; fileRef = 24E785C227CB54C400FB3C2C /* DishLandscapeCell.swift */; };
		24E785C527CB54C400FB3C2C /* DishLandscapeCell.xib in Resources */ = {isa = PBXBuildFile; fileRef = 24E785C327CB54C400FB3C2C /* DishLandscapeCell.xib */; };
		24E785CE27CC852400FB3C2C /* DetailsVC.storyboard in Resources */ = {isa = PBXBuildFile; fileRef = 24E785CD27CC852400FB3C2C /* DetailsVC.storyboard */; };
		24E785D027CC854100FB3C2C /* DetailsVC.swift in Sources */ = {isa = PBXBuildFile; fileRef = 24E785CF27CC854100FB3C2C /* DetailsVC.swift */; };
		24E785D227CC8DB800FB3C2C /* VC+Ext.swift in Sources */ = {isa = PBXBuildFile; fileRef = 24E785D127CC8DB800FB3C2C /* VC+Ext.swift */; };
		24E785D627CC9B6D00FB3C2C /* DishListCell.swift in Sources */ = {isa = PBXBuildFile; fileRef = 24E785D427CC9B6D00FB3C2C /* DishListCell.swift */; };
		24E785D727CC9B6D00FB3C2C /* DishListCell.xib in Resources */ = {isa = PBXBuildFile; fileRef = 24E785D527CC9B6D00FB3C2C /* DishListCell.xib */; };
		24E785DA27CCB2C100FB3C2C /* ListDishesVC.swift in Sources */ = {isa = PBXBuildFile; fileRef = 24E785D927CCB2C100FB3C2C /* ListDishesVC.swift */; };
		24E785DC27CCB2CF00FB3C2C /* ListDishesVC.storyboard in Resources */ = {isa = PBXBuildFile; fileRef = 24E785DB27CCB2CF00FB3C2C /* ListDishesVC.storyboard */; };
		24E785DF27CCBC2200FB3C2C /* ListAllOrderVC.swift in Sources */ = {isa = PBXBuildFile; fileRef = 24E785DE27CCBC2200FB3C2C /* ListAllOrderVC.swift */; };
		24E785E127CCBC2E00FB3C2C /* ListAllOrderVC.storyboard in Resources */ = {isa = PBXBuildFile; fileRef = 24E785E027CCBC2E00FB3C2C /* ListAllOrderVC.storyboard */; };
		24E785E327CCC01200FB3C2C /* Order.swift in Sources */ = {isa = PBXBuildFile; fileRef = 24E785E227CCC01200FB3C2C /* Order.swift */; };
		403A5C2CE703FA4913F379A5 /* Pods_Yummie.framework in Frameworks */ = {isa = PBXBuildFile; fileRef = E436A8ED6224789773118AF5 /* Pods_Yummie.framework */; };
/* End PBXBuildFile section */

/* Begin PBXFileReference section */
		24A716CE28538BCB004316F3 /* NetworkService.swift */ = {isa = PBXFileReference; lastKnownFileType = sourcecode.swift; path = NetworkService.swift; sourceTree = "<group>"; };
		24A716D028539E27004316F3 /* Route.swift */ = {isa = PBXFileReference; lastKnownFileType = sourcecode.swift; path = Route.swift; sourceTree = "<group>"; };
		24A716D228539F29004316F3 /* Method.swift */ = {isa = PBXFileReference; lastKnownFileType = sourcecode.swift; path = Method.swift; sourceTree = "<group>"; };
		24A716D42853AA55004316F3 /* AppError.swift */ = {isa = PBXFileReference; lastKnownFileType = sourcecode.swift; path = AppError.swift; sourceTree = "<group>"; };
		24A716D62853B68C004316F3 /* ApiResponse.swift */ = {isa = PBXFileReference; lastKnownFileType = sourcecode.swift; path = ApiResponse.swift; sourceTree = "<group>"; };
		24A716D82853C246004316F3 /* AllDishes.swift */ = {isa = PBXFileReference; lastKnownFileType = sourcecode.swift; path = AllDishes.swift; sourceTree = "<group>"; };
		24A716DD2854694C004316F3 /* UserDefaults+Ext.swift */ = {isa = PBXFileReference; lastKnownFileType = sourcecode.swift; path = "UserDefaults+Ext.swift"; sourceTree = "<group>"; };
		24D59FE927C943470012B338 /* Yummie.app */ = {isa = PBXFileReference; explicitFileType = wrapper.application; includeInIndex = 0; path = Yummie.app; sourceTree = BUILT_PRODUCTS_DIR; };
		24D59FEC27C943470012B338 /* AppDelegate.swift */ = {isa = PBXFileReference; lastKnownFileType = sourcecode.swift; path = AppDelegate.swift; sourceTree = "<group>"; };
		24D59FEE27C943470012B338 /* SceneDelegate.swift */ = {isa = PBXFileReference; lastKnownFileType = sourcecode.swift; path = SceneDelegate.swift; sourceTree = "<group>"; };
		24D59FF027C943470012B338 /* ViewController.swift */ = {isa = PBXFileReference; lastKnownFileType = sourcecode.swift; path = ViewController.swift; sourceTree = "<group>"; };
		24D59FF327C943470012B338 /* Base */ = {isa = PBXFileReference; lastKnownFileType = file.storyboard; name = Base; path = Base.lproj/Main.storyboard; sourceTree = "<group>"; };
		24D59FF527C943490012B338 /* Assets.xcassets */ = {isa = PBXFileReference; lastKnownFileType = folder.assetcatalog; path = Assets.xcassets; sourceTree = "<group>"; };
		24D59FF827C943490012B338 /* Base */ = {isa = PBXFileReference; lastKnownFileType = file.storyboard; name = Base; path = Base.lproj/LaunchScreen.storyboard; sourceTree = "<group>"; };
		24D59FFA27C943490012B338 /* Info.plist */ = {isa = PBXFileReference; lastKnownFileType = text.plist.xml; path = Info.plist; sourceTree = "<group>"; };
		24D5A00527CA08410012B338 /* OnboardingVC.swift */ = {isa = PBXFileReference; lastKnownFileType = sourcecode.swift; path = OnboardingVC.swift; sourceTree = "<group>"; };
		24D5A00727CA089E0012B338 /* OnboardingVC.storyboard */ = {isa = PBXFileReference; lastKnownFileType = file.storyboard; path = OnboardingVC.storyboard; sourceTree = "<group>"; };
		24D5A00A27CA0B6E0012B338 /* UIView+Ext.swift */ = {isa = PBXFileReference; lastKnownFileType = sourcecode.swift; path = "UIView+Ext.swift"; sourceTree = "<group>"; };
		24D5A00C27CA0ED90012B338 /* OnboardSlide.swift */ = {isa = PBXFileReference; lastKnownFileType = sourcecode.swift; path = OnboardSlide.swift; sourceTree = "<group>"; };
		24D5A00E27CA11790012B338 /* OnboardingCell.swift */ = {isa = PBXFileReference; lastKnownFileType = sourcecode.swift; path = OnboardingCell.swift; sourceTree = "<group>"; };
		24D5A01127CA80830012B338 /* HomeVC.storyboard */ = {isa = PBXFileReference; lastKnownFileType = file.storyboard; path = HomeVC.storyboard; sourceTree = "<group>"; };
		24D5A01427CA809E0012B338 /* HomeVC.swift */ = {isa = PBXFileReference; lastKnownFileType = sourcecode.swift; path = HomeVC.swift; sourceTree = "<group>"; };
		24E785A927CB059500FB3C2C /* CategoryCell.swift */ = {isa = PBXFileReference; lastKnownFileType = sourcecode.swift; path = CategoryCell.swift; sourceTree = "<group>"; };
		24E785AA27CB059500FB3C2C /* CategoryCell.xib */ = {isa = PBXFileReference; lastKnownFileType = file.xib; path = CategoryCell.xib; sourceTree = "<group>"; };
		24E785AD27CB08AE00FB3C2C /* DishCategory.swift */ = {isa = PBXFileReference; lastKnownFileType = sourcecode.swift; path = DishCategory.swift; sourceTree = "<group>"; };
		24E785B227CB0A1600FB3C2C /* String+Ext.swift */ = {isa = PBXFileReference; lastKnownFileType = sourcecode.swift; path = "String+Ext.swift"; sourceTree = "<group>"; };
		24E785B527CB0D9A00FB3C2C /* CardView.swift */ = {isa = PBXFileReference; lastKnownFileType = sourcecode.swift; path = CardView.swift; sourceTree = "<group>"; };
		24E785B827CB1A7500FB3C2C /* DishProtriatCell.swift */ = {isa = PBXFileReference; lastKnownFileType = sourcecode.swift; path = DishProtriatCell.swift; sourceTree = "<group>"; };
		24E785B927CB1A7500FB3C2C /* DishProtriatCell.xib */ = {isa = PBXFileReference; lastKnownFileType = file.xib; path = DishProtriatCell.xib; sourceTree = "<group>"; };
		24E785BC27CB1C8400FB3C2C /* Dish.swift */ = {isa = PBXFileReference; lastKnownFileType = sourcecode.swift; path = Dish.swift; sourceTree = "<group>"; };
		24E785C227CB54C400FB3C2C /* DishLandscapeCell.swift */ = {isa = PBXFileReference; lastKnownFileType = sourcecode.swift; path = DishLandscapeCell.swift; sourceTree = "<group>"; };
		24E785C327CB54C400FB3C2C /* DishLandscapeCell.xib */ = {isa = PBXFileReference; lastKnownFileType = file.xib; path = DishLandscapeCell.xib; sourceTree = "<group>"; };
		24E785CD27CC852400FB3C2C /* DetailsVC.storyboard */ = {isa = PBXFileReference; lastKnownFileType = file.storyboard; path = DetailsVC.storyboard; sourceTree = "<group>"; };
		24E785CF27CC854100FB3C2C /* DetailsVC.swift */ = {isa = PBXFileReference; lastKnownFileType = sourcecode.swift; path = DetailsVC.swift; sourceTree = "<group>"; };
		24E785D127CC8DB800FB3C2C /* VC+Ext.swift */ = {isa = PBXFileReference; lastKnownFileType = sourcecode.swift; path = "VC+Ext.swift"; sourceTree = "<group>"; };
		24E785D427CC9B6D00FB3C2C /* DishListCell.swift */ = {isa = PBXFileReference; lastKnownFileType = sourcecode.swift; path = DishListCell.swift; sourceTree = "<group>"; };
		24E785D527CC9B6D00FB3C2C /* DishListCell.xib */ = {isa = PBXFileReference; lastKnownFileType = file.xib; path = DishListCell.xib; sourceTree = "<group>"; };
		24E785D927CCB2C100FB3C2C /* ListDishesVC.swift */ = {isa = PBXFileReference; lastKnownFileType = sourcecode.swift; path = ListDishesVC.swift; sourceTree = "<group>"; };
		24E785DB27CCB2CF00FB3C2C /* ListDishesVC.storyboard */ = {isa = PBXFileReference; lastKnownFileType = file.storyboard; path = ListDishesVC.storyboard; sourceTree = "<group>"; };
		24E785DE27CCBC2200FB3C2C /* ListAllOrderVC.swift */ = {isa = PBXFileReference; lastKnownFileType = sourcecode.swift; path = ListAllOrderVC.swift; sourceTree = "<group>"; };
		24E785E027CCBC2E00FB3C2C /* ListAllOrderVC.storyboard */ = {isa = PBXFileReference; lastKnownFileType = file.storyboard; path = ListAllOrderVC.storyboard; sourceTree = "<group>"; };
		24E785E227CCC01200FB3C2C /* Order.swift */ = {isa = PBXFileReference; lastKnownFileType = sourcecode.swift; path = Order.swift; sourceTree = "<group>"; };
		5462D768A5D0B3073834AAEE /* Pods-Yummie.release.xcconfig */ = {isa = PBXFileReference; includeInIndex = 1; lastKnownFileType = text.xcconfig; name = "Pods-Yummie.release.xcconfig"; path = "Target Support Files/Pods-Yummie/Pods-Yummie.release.xcconfig"; sourceTree = "<group>"; };
		69CFEC907FB04D55890D871B /* Pods-Yummie.debug.xcconfig */ = {isa = PBXFileReference; includeInIndex = 1; lastKnownFileType = text.xcconfig; name = "Pods-Yummie.debug.xcconfig"; path = "Target Support Files/Pods-Yummie/Pods-Yummie.debug.xcconfig"; sourceTree = "<group>"; };
		E436A8ED6224789773118AF5 /* Pods_Yummie.framework */ = {isa = PBXFileReference; explicitFileType = wrapper.framework; includeInIndex = 0; path = Pods_Yummie.framework; sourceTree = BUILT_PRODUCTS_DIR; };
/* End PBXFileReference section */

/* Begin PBXFrameworksBuildPhase section */
		24D59FE627C943470012B338 /* Frameworks */ = {
			isa = PBXFrameworksBuildPhase;
			buildActionMask = 2147483647;
			files = (
				24E785B127CB095100FB3C2C /* Kingfisher in Frameworks */,
				24A716DC2853CC36004316F3 /* ProgressHUD in Frameworks */,
				403A5C2CE703FA4913F379A5 /* Pods_Yummie.framework in Frameworks */,
			);
			runOnlyForDeploymentPostprocessing = 0;
		};
/* End PBXFrameworksBuildPhase section */

/* Begin PBXGroup section */
		24A716CD28538B97004316F3 /* Networking */ = {
			isa = PBXGroup;
			children = (
				24A716CE28538BCB004316F3 /* NetworkService.swift */,
				24A716D62853B68C004316F3 /* ApiResponse.swift */,
				24A716D42853AA55004316F3 /* AppError.swift */,
				24A716D028539E27004316F3 /* Route.swift */,
				24A716D228539F29004316F3 /* Method.swift */,
			);
			path = Networking;
			sourceTree = "<group>";
		};
		24D59FE027C943470012B338 = {
			isa = PBXGroup;
			children = (
				24D59FEB27C943470012B338 /* Yummie */,
				24D59FEA27C943470012B338 /* Products */,
				5BC76854276F61376A6B85D0 /* Pods */,
				F742699A5EC0C079F87D09A0 /* Frameworks */,
			);
			sourceTree = "<group>";
		};
		24D59FEA27C943470012B338 /* Products */ = {
			isa = PBXGroup;
			children = (
				24D59FE927C943470012B338 /* Yummie.app */,
			);
			name = Products;
			sourceTree = "<group>";
		};
		24D59FEB27C943470012B338 /* Yummie */ = {
			isa = PBXGroup;
			children = (
				24A716CD28538B97004316F3 /* Networking */,
				24D5A00927CA0B5D0012B338 /* Extention */,
				24D5A00327CA08110012B338 /* Customs */,
				24D5A00127CA07FB0012B338 /* Views */,
				24D5A00027CA07F00012B338 /* Model */,
				24D59FEC27C943470012B338 /* AppDelegate.swift */,
				24D59FEE27C943470012B338 /* SceneDelegate.swift */,
				24D59FF027C943470012B338 /* ViewController.swift */,
				24D59FF227C943470012B338 /* Main.storyboard */,
				24D59FF527C943490012B338 /* Assets.xcassets */,
				24D59FF727C943490012B338 /* LaunchScreen.storyboard */,
				24D59FFA27C943490012B338 /* Info.plist */,
			);
			path = Yummie;
			sourceTree = "<group>";
		};
		24D5A00027CA07F00012B338 /* Model */ = {
			isa = PBXGroup;
			children = (
				24D5A00C27CA0ED90012B338 /* OnboardSlide.swift */,
				24E785AD27CB08AE00FB3C2C /* DishCategory.swift */,
				24E785BC27CB1C8400FB3C2C /* Dish.swift */,
				24E785E227CCC01200FB3C2C /* Order.swift */,
				24A716D82853C246004316F3 /* AllDishes.swift */,
			);
			path = Model;
			sourceTree = "<group>";
		};
		24D5A00127CA07FB0012B338 /* Views */ = {
			isa = PBXGroup;
			children = (
				24E785DD27CCBC0A00FB3C2C /* ListAllOrderVC */,
				24E785D827CCB28900FB3C2C /* ListDishesVC */,
				24E785CC27CC850000FB3C2C /* DetialsVC */,
				24D5A01027CA80580012B338 /* Home */,
				24D5A00427CA081C0012B338 /* Onboarding */,
			);
			path = Views;
			sourceTree = "<group>";
		};
		24D5A00327CA08110012B338 /* Customs */ = {
			isa = PBXGroup;
			children = (
				24E785B427CB0D8B00FB3C2C /* CardView */,
				24E785A727CB055200FB3C2C /* Cells */,
			);
			path = Customs;
			sourceTree = "<group>";
		};
		24D5A00427CA081C0012B338 /* Onboarding */ = {
			isa = PBXGroup;
			children = (
				24D5A00527CA08410012B338 /* OnboardingVC.swift */,
				24D5A00727CA089E0012B338 /* OnboardingVC.storyboard */,
				24D5A00E27CA11790012B338 /* OnboardingCell.swift */,
			);
			path = Onboarding;
			sourceTree = "<group>";
		};
		24D5A00927CA0B5D0012B338 /* Extention */ = {
			isa = PBXGroup;
			children = (
				24D5A00A27CA0B6E0012B338 /* UIView+Ext.swift */,
				24E785B227CB0A1600FB3C2C /* String+Ext.swift */,
				24E785D127CC8DB800FB3C2C /* VC+Ext.swift */,
				24A716DD2854694C004316F3 /* UserDefaults+Ext.swift */,
			);
			path = Extention;
			sourceTree = "<group>";
		};
		24D5A01027CA80580012B338 /* Home */ = {
			isa = PBXGroup;
			children = (
				24D5A01427CA809E0012B338 /* HomeVC.swift */,
				24D5A01127CA80830012B338 /* HomeVC.storyboard */,
			);
			path = Home;
			sourceTree = "<group>";
		};
		24E785A727CB055200FB3C2C /* Cells */ = {
			isa = PBXGroup;
			children = (
				24E785D327CC9B4600FB3C2C /* DishListCell */,
				24E785C127CB549400FB3C2C /* DishLandscapeCell */,
				24E785B727CB1A4300FB3C2C /* DishPortrait */,
				24E785A827CB057900FB3C2C /* CategoryCell */,
			);
			path = Cells;
			sourceTree = "<group>";
		};
		24E785A827CB057900FB3C2C /* CategoryCell */ = {
			isa = PBXGroup;
			children = (
				24E785A927CB059500FB3C2C /* CategoryCell.swift */,
				24E785AA27CB059500FB3C2C /* CategoryCell.xib */,
			);
			path = CategoryCell;
			sourceTree = "<group>";
		};
		24E785B427CB0D8B00FB3C2C /* CardView */ = {
			isa = PBXGroup;
			children = (
				24E785B527CB0D9A00FB3C2C /* CardView.swift */,
			);
			path = CardView;
			sourceTree = "<group>";
		};
		24E785B727CB1A4300FB3C2C /* DishPortrait */ = {
			isa = PBXGroup;
			children = (
				24E785B827CB1A7500FB3C2C /* DishProtriatCell.swift */,
				24E785B927CB1A7500FB3C2C /* DishProtriatCell.xib */,
			);
			path = DishPortrait;
			sourceTree = "<group>";
		};
		24E785C127CB549400FB3C2C /* DishLandscapeCell */ = {
			isa = PBXGroup;
			children = (
				24E785C227CB54C400FB3C2C /* DishLandscapeCell.swift */,
				24E785C327CB54C400FB3C2C /* DishLandscapeCell.xib */,
			);
			path = DishLandscapeCell;
			sourceTree = "<group>";
		};
		24E785CC27CC850000FB3C2C /* DetialsVC */ = {
			isa = PBXGroup;
			children = (
				24E785CD27CC852400FB3C2C /* DetailsVC.storyboard */,
				24E785CF27CC854100FB3C2C /* DetailsVC.swift */,
			);
			path = DetialsVC;
			sourceTree = "<group>";
		};
		24E785D327CC9B4600FB3C2C /* DishListCell */ = {
			isa = PBXGroup;
			children = (
				24E785D427CC9B6D00FB3C2C /* DishListCell.swift */,
				24E785D527CC9B6D00FB3C2C /* DishListCell.xib */,
			);
			path = DishListCell;
			sourceTree = "<group>";
		};
		24E785D827CCB28900FB3C2C /* ListDishesVC */ = {
			isa = PBXGroup;
			children = (
				24E785D927CCB2C100FB3C2C /* ListDishesVC.swift */,
				24E785DB27CCB2CF00FB3C2C /* ListDishesVC.storyboard */,
			);
			path = ListDishesVC;
			sourceTree = "<group>";
		};
		24E785DD27CCBC0A00FB3C2C /* ListAllOrderVC */ = {
			isa = PBXGroup;
			children = (
				24E785DE27CCBC2200FB3C2C /* ListAllOrderVC.swift */,
				24E785E027CCBC2E00FB3C2C /* ListAllOrderVC.storyboard */,
			);
			path = ListAllOrderVC;
			sourceTree = "<group>";
		};
		5BC76854276F61376A6B85D0 /* Pods */ = {
			isa = PBXGroup;
			children = (
				69CFEC907FB04D55890D871B /* Pods-Yummie.debug.xcconfig */,
				5462D768A5D0B3073834AAEE /* Pods-Yummie.release.xcconfig */,
			);
			path = Pods;
			sourceTree = "<group>";
		};
		F742699A5EC0C079F87D09A0 /* Frameworks */ = {
			isa = PBXGroup;
			children = (
				E436A8ED6224789773118AF5 /* Pods_Yummie.framework */,
			);
			name = Frameworks;
			sourceTree = "<group>";
		};
/* End PBXGroup section */

/* Begin PBXNativeTarget section */
		24D59FE827C943470012B338 /* Yummie */ = {
			isa = PBXNativeTarget;
			buildConfigurationList = 24D59FFD27C943490012B338 /* Build configuration list for PBXNativeTarget "Yummie" */;
			buildPhases = (
				67DF7271D0FC517EF88FD889 /* [CP] Check Pods Manifest.lock */,
				24D59FE527C943470012B338 /* Sources */,
				24D59FE627C943470012B338 /* Frameworks */,
				24D59FE727C943470012B338 /* Resources */,
				77C27235A9B88047EF3DBA98 /* [CP] Embed Pods Frameworks */,
			);
			buildRules = (
			);
			dependencies = (
			);
			name = Yummie;
			packageProductDependencies = (
				24E785B027CB095100FB3C2C /* Kingfisher */,
				24A716DB2853CC36004316F3 /* ProgressHUD */,
			);
			productName = Yummie;
			productReference = 24D59FE927C943470012B338 /* Yummie.app */;
			productType = "com.apple.product-type.application";
		};
/* End PBXNativeTarget section */

/* Begin PBXProject section */
		24D59FE127C943470012B338 /* Project object */ = {
			isa = PBXProject;
			attributes = {
				BuildIndependentTargetsInParallel = 1;
				LastSwiftUpdateCheck = 1320;
				LastUpgradeCheck = 1320;
				TargetAttributes = {
					24D59FE827C943470012B338 = {
						CreatedOnToolsVersion = 13.2.1;
					};
				};
			};
			buildConfigurationList = 24D59FE427C943470012B338 /* Build configuration list for PBXProject "Yummie" */;
			compatibilityVersion = "Xcode 13.0";
			developmentRegion = en;
			hasScannedForEncodings = 0;
			knownRegions = (
				en,
				Base,
			);
			mainGroup = 24D59FE027C943470012B338;
			packageReferences = (
				24E785AF27CB095100FB3C2C /* XCRemoteSwiftPackageReference "Kingfisher" */,
				24A716DA2853CC35004316F3 /* XCRemoteSwiftPackageReference "ProgressHUD" */,
			);
			productRefGroup = 24D59FEA27C943470012B338 /* Products */;
			projectDirPath = "";
			projectRoot = "";
			targets = (
				24D59FE827C943470012B338 /* Yummie */,
			);
		};
/* End PBXProject section */

/* Begin PBXResourcesBuildPhase section */
		24D59FE727C943470012B338 /* Resources */ = {
			isa = PBXResourcesBuildPhase;
			buildActionMask = 2147483647;
			files = (
				24E785BB27CB1A7500FB3C2C /* DishProtriatCell.xib in Resources */,
				24E785CE27CC852400FB3C2C /* DetailsVC.storyboard in Resources */,
				24E785C527CB54C400FB3C2C /* DishLandscapeCell.xib in Resources */,
				24D59FF927C943490012B338 /* LaunchScreen.storyboard in Resources */,
				24E785AC27CB059500FB3C2C /* CategoryCell.xib in Resources */,
				24D59FF627C943490012B338 /* Assets.xcassets in Resources */,
				24D5A00827CA089E0012B338 /* OnboardingVC.storyboard in Resources */,
				24D5A01227CA80830012B338 /* HomeVC.storyboard in Resources */,
				24D59FF427C943470012B338 /* Main.storyboard in Resources */,
				24E785DC27CCB2CF00FB3C2C /* ListDishesVC.storyboard in Resources */,
				24E785E127CCBC2E00FB3C2C /* ListAllOrderVC.storyboard in Resources */,
				24E785D727CC9B6D00FB3C2C /* DishListCell.xib in Resources */,
			);
			runOnlyForDeploymentPostprocessing = 0;
		};
/* End PBXResourcesBuildPhase section */

/* Begin PBXShellScriptBuildPhase section */
		67DF7271D0FC517EF88FD889 /* [CP] Check Pods Manifest.lock */ = {
			isa = PBXShellScriptBuildPhase;
			buildActionMask = 2147483647;
			files = (
			);
			inputFileListPaths = (
			);
			inputPaths = (
				"${PODS_PODFILE_DIR_PATH}/Podfile.lock",
				"${PODS_ROOT}/Manifest.lock",
			);
			name = "[CP] Check Pods Manifest.lock";
			outputFileListPaths = (
			);
			outputPaths = (
				"$(DERIVED_FILE_DIR)/Pods-Yummie-checkManifestLockResult.txt",
			);
			runOnlyForDeploymentPostprocessing = 0;
			shellPath = /bin/sh;
			shellScript = "diff \"${PODS_PODFILE_DIR_PATH}/Podfile.lock\" \"${PODS_ROOT}/Manifest.lock\" > /dev/null\nif [ $? != 0 ] ; then\n    # print error to STDERR\n    echo \"error: The sandbox is not in sync with the Podfile.lock. Run 'pod install' or update your CocoaPods installation.\" >&2\n    exit 1\nfi\n# This output is used by Xcode 'outputs' to avoid re-running this script phase.\necho \"SUCCESS\" > \"${SCRIPT_OUTPUT_FILE_0}\"\n";
			showEnvVarsInLog = 0;
		};
		77C27235A9B88047EF3DBA98 /* [CP] Embed Pods Frameworks */ = {
			isa = PBXShellScriptBuildPhase;
			buildActionMask = 2147483647;
			files = (
			);
			inputFileListPaths = (
				"${PODS_ROOT}/Target Support Files/Pods-Yummie/Pods-Yummie-frameworks-${CONFIGURATION}-input-files.xcfilelist",
			);
			name = "[CP] Embed Pods Frameworks";
			outputFileListPaths = (
				"${PODS_ROOT}/Target Support Files/Pods-Yummie/Pods-Yummie-frameworks-${CONFIGURATION}-output-files.xcfilelist",
			);
			runOnlyForDeploymentPostprocessing = 0;
			shellPath = /bin/sh;
			shellScript = "\"${PODS_ROOT}/Target Support Files/Pods-Yummie/Pods-Yummie-frameworks.sh\"\n";
			showEnvVarsInLog = 0;
		};
/* End PBXShellScriptBuildPhase section */

/* Begin PBXSourcesBuildPhase section */
		24D59FE527C943470012B338 /* Sources */ = {
			isa = PBXSourcesBuildPhase;
			buildActionMask = 2147483647;
			files = (
				24A716DE2854694D004316F3 /* UserDefaults+Ext.swift in Sources */,
				24A716CF28538BCB004316F3 /* NetworkService.swift in Sources */,
				24D59FF127C943470012B338 /* ViewController.swift in Sources */,
				24E785D227CC8DB800FB3C2C /* VC+Ext.swift in Sources */,
				24A716D128539E27004316F3 /* Route.swift in Sources */,
				24E785AE27CB08AE00FB3C2C /* DishCategory.swift in Sources */,
				24A716D72853B68C004316F3 /* ApiResponse.swift in Sources */,
				24D5A01527CA809E0012B338 /* HomeVC.swift in Sources */,
				24D5A00F27CA11790012B338 /* OnboardingCell.swift in Sources */,
				24E785BA27CB1A7500FB3C2C /* DishProtriatCell.swift in Sources */,
				24A716D328539F29004316F3 /* Method.swift in Sources */,
				24E785E327CCC01200FB3C2C /* Order.swift in Sources */,
				24D5A00D27CA0ED90012B338 /* OnboardSlide.swift in Sources */,
				24D5A00627CA08410012B338 /* OnboardingVC.swift in Sources */,
				24E785C427CB54C400FB3C2C /* DishLandscapeCell.swift in Sources */,
				24A716D92853C246004316F3 /* AllDishes.swift in Sources */,
				24E785DF27CCBC2200FB3C2C /* ListAllOrderVC.swift in Sources */,
				24E785AB27CB059500FB3C2C /* CategoryCell.swift in Sources */,
				24E785D027CC854100FB3C2C /* DetailsVC.swift in Sources */,
				24E785D627CC9B6D00FB3C2C /* DishListCell.swift in Sources */,
				24A716D52853AA55004316F3 /* AppError.swift in Sources */,
				24D5A00B27CA0B6E0012B338 /* UIView+Ext.swift in Sources */,
				24E785BD27CB1C8400FB3C2C /* Dish.swift in Sources */,
				24D59FED27C943470012B338 /* AppDelegate.swift in Sources */,
				24D59FEF27C943470012B338 /* SceneDelegate.swift in Sources */,
				24E785B627CB0D9A00FB3C2C /* CardView.swift in Sources */,
				24E785DA27CCB2C100FB3C2C /* ListDishesVC.swift in Sources */,
				24E785B327CB0A1600FB3C2C /* String+Ext.swift in Sources */,
			);
			runOnlyForDeploymentPostprocessing = 0;
		};
/* End PBXSourcesBuildPhase section */

/* Begin PBXVariantGroup section */
		24D59FF227C943470012B338 /* Main.storyboard */ = {
			isa = PBXVariantGroup;
			children = (
				24D59FF327C943470012B338 /* Base */,
			);
			name = Main.storyboard;
			sourceTree = "<group>";
		};
		24D59FF727C943490012B338 /* LaunchScreen.storyboard */ = {
			isa = PBXVariantGroup;
			children = (
				24D59FF827C943490012B338 /* Base */,
			);
			name = LaunchScreen.storyboard;
			sourceTree = "<group>";
		};
/* End PBXVariantGroup section */

/* Begin XCBuildConfiguration section */
		24D59FFB27C943490012B338 /* Debug */ = {
			isa = XCBuildConfiguration;
			buildSettings = {
				ALWAYS_SEARCH_USER_PATHS = NO;
				CLANG_ANALYZER_NONNULL = YES;
				CLANG_ANALYZER_NUMBER_OBJECT_CONVERSION = YES_AGGRESSIVE;
				CLANG_CXX_LANGUAGE_STANDARD = "gnu++17";
				CLANG_CXX_LIBRARY = "libc++";
				CLANG_ENABLE_MODULES = YES;
				CLANG_ENABLE_OBJC_ARC = YES;
				CLANG_ENABLE_OBJC_WEAK = YES;
				CLANG_WARN_BLOCK_CAPTURE_AUTORELEASING = YES;
				CLANG_WARN_BOOL_CONVERSION = YES;
				CLANG_WARN_COMMA = YES;
				CLANG_WARN_CONSTANT_CONVERSION = YES;
				CLANG_WARN_DEPRECATED_OBJC_IMPLEMENTATIONS = YES;
				CLANG_WARN_DIRECT_OBJC_ISA_USAGE = YES_ERROR;
				CLANG_WARN_DOCUMENTATION_COMMENTS = YES;
				CLANG_WARN_EMPTY_BODY = YES;
				CLANG_WARN_ENUM_CONVERSION = YES;
				CLANG_WARN_INFINITE_RECURSION = YES;
				CLANG_WARN_INT_CONVERSION = YES;
				CLANG_WARN_NON_LITERAL_NULL_CONVERSION = YES;
				CLANG_WARN_OBJC_IMPLICIT_RETAIN_SELF = YES;
				CLANG_WARN_OBJC_LITERAL_CONVERSION = YES;
				CLANG_WARN_OBJC_ROOT_CLASS = YES_ERROR;
				CLANG_WARN_QUOTED_INCLUDE_IN_FRAMEWORK_HEADER = YES;
				CLANG_WARN_RANGE_LOOP_ANALYSIS = YES;
				CLANG_WARN_STRICT_PROTOTYPES = YES;
				CLANG_WARN_SUSPICIOUS_MOVE = YES;
				CLANG_WARN_UNGUARDED_AVAILABILITY = YES_AGGRESSIVE;
				CLANG_WARN_UNREACHABLE_CODE = YES;
				CLANG_WARN__DUPLICATE_METHOD_MATCH = YES;
				COPY_PHASE_STRIP = NO;
				DEBUG_INFORMATION_FORMAT = dwarf;
				ENABLE_STRICT_OBJC_MSGSEND = YES;
				ENABLE_TESTABILITY = YES;
				GCC_C_LANGUAGE_STANDARD = gnu11;
				GCC_DYNAMIC_NO_PIC = NO;
				GCC_NO_COMMON_BLOCKS = YES;
				GCC_OPTIMIZATION_LEVEL = 0;
				GCC_PREPROCESSOR_DEFINITIONS = (
					"DEBUG=1",
					"$(inherited)",
				);
				GCC_WARN_64_TO_32_BIT_CONVERSION = YES;
				GCC_WARN_ABOUT_RETURN_TYPE = YES_ERROR;
				GCC_WARN_UNDECLARED_SELECTOR = YES;
				GCC_WARN_UNINITIALIZED_AUTOS = YES_AGGRESSIVE;
				GCC_WARN_UNUSED_FUNCTION = YES;
				GCC_WARN_UNUSED_VARIABLE = YES;
				IPHONEOS_DEPLOYMENT_TARGET = 15.2;
				MTL_ENABLE_DEBUG_INFO = INCLUDE_SOURCE;
				MTL_FAST_MATH = YES;
				ONLY_ACTIVE_ARCH = YES;
				SDKROOT = iphoneos;
				SWIFT_ACTIVE_COMPILATION_CONDITIONS = DEBUG;
				SWIFT_OPTIMIZATION_LEVEL = "-Onone";
			};
			name = Debug;
		};
		24D59FFC27C943490012B338 /* Release */ = {
			isa = XCBuildConfiguration;
			buildSettings = {
				ALWAYS_SEARCH_USER_PATHS = NO;
				CLANG_ANALYZER_NONNULL = YES;
				CLANG_ANALYZER_NUMBER_OBJECT_CONVERSION = YES_AGGRESSIVE;
				CLANG_CXX_LANGUAGE_STANDARD = "gnu++17";
				CLANG_CXX_LIBRARY = "libc++";
				CLANG_ENABLE_MODULES = YES;
				CLANG_ENABLE_OBJC_ARC = YES;
				CLANG_ENABLE_OBJC_WEAK = YES;
				CLANG_WARN_BLOCK_CAPTURE_AUTORELEASING = YES;
				CLANG_WARN_BOOL_CONVERSION = YES;
				CLANG_WARN_COMMA = YES;
				CLANG_WARN_CONSTANT_CONVERSION = YES;
				CLANG_WARN_DEPRECATED_OBJC_IMPLEMENTATIONS = YES;
				CLANG_WARN_DIRECT_OBJC_ISA_USAGE = YES_ERROR;
				CLANG_WARN_DOCUMENTATION_COMMENTS = YES;
				CLANG_WARN_EMPTY_BODY = YES;
				CLANG_WARN_ENUM_CONVERSION = YES;
				CLANG_WARN_INFINITE_RECURSION = YES;
				CLANG_WARN_INT_CONVERSION = YES;
				CLANG_WARN_NON_LITERAL_NULL_CONVERSION = YES;
				CLANG_WARN_OBJC_IMPLICIT_RETAIN_SELF = YES;
				CLANG_WARN_OBJC_LITERAL_CONVERSION = YES;
				CLANG_WARN_OBJC_ROOT_CLASS = YES_ERROR;
				CLANG_WARN_QUOTED_INCLUDE_IN_FRAMEWORK_HEADER = YES;
				CLANG_WARN_RANGE_LOOP_ANALYSIS = YES;
				CLANG_WARN_STRICT_PROTOTYPES = YES;
				CLANG_WARN_SUSPICIOUS_MOVE = YES;
				CLANG_WARN_UNGUARDED_AVAILABILITY = YES_AGGRESSIVE;
				CLANG_WARN_UNREACHABLE_CODE = YES;
				CLANG_WARN__DUPLICATE_METHOD_MATCH = YES;
				COPY_PHASE_STRIP = NO;
				DEBUG_INFORMATION_FORMAT = "dwarf-with-dsym";
				ENABLE_NS_ASSERTIONS = NO;
				ENABLE_STRICT_OBJC_MSGSEND = YES;
				GCC_C_LANGUAGE_STANDARD = gnu11;
				GCC_NO_COMMON_BLOCKS = YES;
				GCC_WARN_64_TO_32_BIT_CONVERSION = YES;
				GCC_WARN_ABOUT_RETURN_TYPE = YES_ERROR;
				GCC_WARN_UNDECLARED_SELECTOR = YES;
				GCC_WARN_UNINITIALIZED_AUTOS = YES_AGGRESSIVE;
				GCC_WARN_UNUSED_FUNCTION = YES;
				GCC_WARN_UNUSED_VARIABLE = YES;
				IPHONEOS_DEPLOYMENT_TARGET = 15.2;
				MTL_ENABLE_DEBUG_INFO = NO;
				MTL_FAST_MATH = YES;
				SDKROOT = iphoneos;
				SWIFT_COMPILATION_MODE = wholemodule;
				SWIFT_OPTIMIZATION_LEVEL = "-O";
				VALIDATE_PRODUCT = YES;
			};
			name = Release;
		};
		24D59FFE27C943490012B338 /* Debug */ = {
			isa = XCBuildConfiguration;
			baseConfigurationReference = 69CFEC907FB04D55890D871B /* Pods-Yummie.debug.xcconfig */;
			buildSettings = {
				ASSETCATALOG_COMPILER_APPICON_NAME = AppIcon;
				ASSETCATALOG_COMPILER_GLOBAL_ACCENT_COLOR_NAME = AccentColor;
				CODE_SIGN_STYLE = Automatic;
				CURRENT_PROJECT_VERSION = 1;
				DEVELOPMENT_TEAM = GZDD8NBYW6;
				GENERATE_INFOPLIST_FILE = YES;
				INFOPLIST_FILE = Yummie/Info.plist;
				INFOPLIST_KEY_UIApplicationSupportsIndirectInputEvents = YES;
				INFOPLIST_KEY_UILaunchStoryboardName = LaunchScreen;
				INFOPLIST_KEY_UISupportedInterfaceOrientations_iPad = "UIInterfaceOrientationPortrait UIInterfaceOrientationPortraitUpsideDown UIInterfaceOrientationLandscapeLeft UIInterfaceOrientationLandscapeRight";
				INFOPLIST_KEY_UISupportedInterfaceOrientations_iPhone = "UIInterfaceOrientationPortrait UIInterfaceOrientationLandscapeLeft UIInterfaceOrientationLandscapeRight";
				INFOPLIST_KEY_UIUserInterfaceStyle = Light;
				IPHONEOS_DEPLOYMENT_TARGET = 14.0;
				LD_RUNPATH_SEARCH_PATHS = (
					"$(inherited)",
					"@executable_path/Frameworks",
				);
				MARKETING_VERSION = 1.0;
				PRODUCT_BUNDLE_IDENTIFIER = com.project2.Yummie;
				PRODUCT_NAME = "$(TARGET_NAME)";
				SWIFT_EMIT_LOC_STRINGS = YES;
				SWIFT_VERSION = 5.0;
				TARGETED_DEVICE_FAMILY = "1,2";
			};
			name = Debug;
		};
		24D59FFF27C943490012B338 /* Release */ = {
			isa = XCBuildConfiguration;
			baseConfigurationReference = 5462D768A5D0B3073834AAEE /* Pods-Yummie.release.xcconfig */;
			buildSettings = {
				ASSETCATALOG_COMPILER_APPICON_NAME = AppIcon;
				ASSETCATALOG_COMPILER_GLOBAL_ACCENT_COLOR_NAME = AccentColor;
				CODE_SIGN_STYLE = Automatic;
				CURRENT_PROJECT_VERSION = 1;
				DEVELOPMENT_TEAM = GZDD8NBYW6;
				GENERATE_INFOPLIST_FILE = YES;
				INFOPLIST_FILE = Yummie/Info.plist;
				INFOPLIST_KEY_UIApplicationSupportsIndirectInputEvents = YES;
				INFOPLIST_KEY_UILaunchStoryboardName = LaunchScreen;
				INFOPLIST_KEY_UISupportedInterfaceOrientations_iPad = "UIInterfaceOrientationPortrait UIInterfaceOrientationPortraitUpsideDown UIInterfaceOrientationLandscapeLeft UIInterfaceOrientationLandscapeRight";
				INFOPLIST_KEY_UISupportedInterfaceOrientations_iPhone = "UIInterfaceOrientationPortrait UIInterfaceOrientationLandscapeLeft UIInterfaceOrientationLandscapeRight";
				INFOPLIST_KEY_UIUserInterfaceStyle = Light;
				IPHONEOS_DEPLOYMENT_TARGET = 14.0;
				LD_RUNPATH_SEARCH_PATHS = (
					"$(inherited)",
					"@executable_path/Frameworks",
				);
				MARKETING_VERSION = 1.0;
				PRODUCT_BUNDLE_IDENTIFIER = com.project2.Yummie;
				PRODUCT_NAME = "$(TARGET_NAME)";
				SWIFT_EMIT_LOC_STRINGS = YES;
				SWIFT_VERSION = 5.0;
				TARGETED_DEVICE_FAMILY = "1,2";
			};
			name = Release;
		};
/* End XCBuildConfiguration section */

/* Begin XCConfigurationList section */
		24D59FE427C943470012B338 /* Build configuration list for PBXProject "Yummie" */ = {
			isa = XCConfigurationList;
			buildConfigurations = (
				24D59FFB27C943490012B338 /* Debug */,
				24D59FFC27C943490012B338 /* Release */,
			);
			defaultConfigurationIsVisible = 0;
			defaultConfigurationName = Release;
		};
		24D59FFD27C943490012B338 /* Build configuration list for PBXNativeTarget "Yummie" */ = {
			isa = XCConfigurationList;
			buildConfigurations = (
				24D59FFE27C943490012B338 /* Debug */,
				24D59FFF27C943490012B338 /* Release */,
			);
			defaultConfigurationIsVisible = 0;
			defaultConfigurationName = Release;
		};
/* End XCConfigurationList section */

/* Begin XCRemoteSwiftPackageReference section */
		24A716DA2853CC35004316F3 /* XCRemoteSwiftPackageReference "ProgressHUD" */ = {
			isa = XCRemoteSwiftPackageReference;
			repositoryURL = "https://github.com/relatedcode/ProgressHUD.git";
			requirement = {
				kind = upToNextMajorVersion;
				minimumVersion = 13.0.0;
			};
		};
		24E785AF27CB095100FB3C2C /* XCRemoteSwiftPackageReference "Kingfisher" */ = {
			isa = XCRemoteSwiftPackageReference;
			repositoryURL = "https://github.com/onevcat/Kingfisher.git";
			requirement = {
				kind = upToNextMajorVersion;
				minimumVersion = 7.0.0;
			};
		};
/* End XCRemoteSwiftPackageReference section */

/* Begin XCSwiftPackageProductDependency section */
		24A716DB2853CC36004316F3 /* ProgressHUD */ = {
			isa = XCSwiftPackageProductDependency;
			package = 24A716DA2853CC35004316F3 /* XCRemoteSwiftPackageReference "ProgressHUD" */;
			productName = ProgressHUD;
		};
		24E785B027CB095100FB3C2C /* Kingfisher */ = {
			isa = XCSwiftPackageProductDependency;
			package = 24E785AF27CB095100FB3C2C /* XCRemoteSwiftPackageReference "Kingfisher" */;
			productName = Kingfisher;
		};
/* End XCSwiftPackageProductDependency section */
	};
	rootObject = 24D59FE127C943470012B338 /* Project object */;
}
